
Microsoft Visual Studio Solution File, Format Version 12.00
# Visual Studio 14
VisualStudioVersion = 14.0.25420.1
MinimumVisualStudioVersion = 10.0.40219.1
Project("{2150E333-8FDC-42A3-9474-1A3956D46DE8}") = "Binaries", "Binaries", "{0626EF5D-2788-40A4-AC76-D9B33FE387BA}"
	ProjectSection(SolutionItems) = preProject
		Binaries\LinqToCodedom.dll = Binaries\LinqToCodedom.dll
		Binaries\LinqToCodedom.pdb = Binaries\LinqToCodedom.pdb
		Binaries\Mvp.Xml.dll = Binaries\Mvp.Xml.dll
		Binaries\Mvp.Xml.xml = Binaries\Mvp.Xml.xml
	EndProjectSection
EndProject
Project("{2150E333-8FDC-42A3-9474-1A3956D46DE8}") = "Worm", "Worm", "{6D9187BB-6467-42E5-853C-85A048443B79}"
EndProject
Project("{2150E333-8FDC-42A3-9474-1A3956D46DE8}") = "LINQ to SQL", "LINQ to SQL", "{C316B8E1-2755-4D7A-B913-6B6EECDFC643}"
EndProject
Project("{2150E333-8FDC-42A3-9474-1A3956D46DE8}") = "Solution Items", "Solution Items", "{45666568-9C5A-4359-A947-EDB0EB7848CA}"
	ProjectSection(SolutionItems) = preProject
		ILMerge.exe = ILMerge.exe
		LocalTestRun.testrunconfig = LocalTestRun.testrunconfig
		wxml.snk = wxml.snk
		WXML.vsmdi = WXML.vsmdi
	EndProjectSection
EndProject
Project("{2150E333-8FDC-42A3-9474-1A3956D46DE8}") = "WXML", "WXML", "{DB99EDB8-B342-4AE1-B78D-E106230A7E19}"
EndProject
Project("{2150E333-8FDC-42A3-9474-1A3956D46DE8}") = "Help", "Help", "{A7B4E429-08AB-4A24-B473-B00B695D5154}"
	ProjectSection(SolutionItems) = preProject
		Help\wxml.shfbproj = Help\wxml.shfbproj
	EndProjectSection
EndProject
Project("{2150E333-8FDC-42A3-9474-1A3956D46DE8}") = "Binaries", "Binaries", "{87857714-05B0-4517-AEFA-0E473FED9B11}"
	ProjectSection(SolutionItems) = preProject
		Worm4.0\Binaries\Worm.Orm.dll = Worm4.0\Binaries\Worm.Orm.dll
		Worm4.0\Binaries\Worm.Orm.pdb = Worm4.0\Binaries\Worm.Orm.pdb
		Worm4.0\Binaries\Worm.Orm.xml = Worm4.0\Binaries\Worm.Orm.xml
	EndProjectSection
EndProject
Project("{FAE04EC0-301F-11D3-BF4B-00C04F79EFBC}") = "WXML.Model", "WXMLModel\WXML.Model.csproj", "{4D2F19CA-42F7-4DEC-8AA4-7D33E9EC2605}"
EndProject
Project("{FAE04EC0-301F-11D3-BF4B-00C04F79EFBC}") = "WXMLDatabase", "DatabaseConnector\WXMLDatabase.csproj", "{F657DAB2-909A-4D7C-8B88-38A7CCF0BF40}"
EndProject
Project("{FAE04EC0-301F-11D3-BF4B-00C04F79EFBC}") = "WXML2Linq", "LinqCodeGenerator\WXML2Linq.csproj", "{38B63D82-9F09-495B-9D24-F838A3BB8BB0}"
EndProject
Project("{FAE04EC0-301F-11D3-BF4B-00C04F79EFBC}") = "LinqCodeGenTests", "LinqCodeGenTests\LinqCodeGenTests.csproj", "{15044052-49EE-43E0-9A77-04359C881BA4}"
EndProject
Project("{FAE04EC0-301F-11D3-BF4B-00C04F79EFBC}") = "WXMLTests", "WXMLTests\WXMLTests.csproj", "{D6A966E4-4E33-4C61-872B-0C6CDC321AFD}"
EndProject
Project("{F184B08F-C81C-45F6-A57F-5ABD9991F28F}") = "Repository", "Repository\Repository.vbproj", "{CD2D4A37-6DD4-4E5B-B306-F6660858E07F}"
EndProject
Project("{FAE04EC0-301F-11D3-BF4B-00C04F79EFBC}") = "WormCodeGenTests", "Worm4.0\WormCodeGenTests\WormCodeGenTests.csproj", "{FD0ADB48-33C6-4399-9943-6ACAB857CF53}"
EndProject
Project("{FAE04EC0-301F-11D3-BF4B-00C04F79EFBC}") = "WormCodeGenerator", "Worm4.0\WormGenerator\WormCodeGenerator.csproj", "{ADEDBCD7-24DA-43CF-A5A0-0FBB4F12A001}"
EndProject
Project("{FAE04EC0-301F-11D3-BF4B-00C04F79EFBC}") = "WXMLToWorm", "Worm4.0\WXMLToWorm\WXMLToWorm.csproj", "{30E7CEF4-A9D4-4B6F-AC1A-7D0DEA3DD7D9}"
EndProject
Project("{FAE04EC0-301F-11D3-BF4B-00C04F79EFBC}") = "MySQLProvider", "MySQLProvider\MySQLProvider.csproj", "{0B290026-7AE0-462C-BECC-7659DA733D7A}"
EndProject
Project("{FAE04EC0-301F-11D3-BF4B-00C04F79EFBC}") = "WXML.NuGet", "WXML.NuGet\WXML.NuGet.csproj", "{0451BAEF-DF2E-4B98-8644-94EE9415E389}"
EndProject
Global
	GlobalSection(SolutionConfigurationPlatforms) = preSolution
		Debug AddIn|Any CPU = Debug AddIn|Any CPU
		Debug_Trace|Any CPU = Debug_Trace|Any CPU
		Debug|Any CPU = Debug|Any CPU
		DebugNonUserInstance|Any CPU = DebugNonUserInstance|Any CPU
		Release|Any CPU = Release|Any CPU
	EndGlobalSection
	GlobalSection(ProjectConfigurationPlatforms) = postSolution
		{4D2F19CA-42F7-4DEC-8AA4-7D33E9EC2605}.Debug AddIn|Any CPU.ActiveCfg = DebugNonUserInstance|Any CPU
		{4D2F19CA-42F7-4DEC-8AA4-7D33E9EC2605}.Debug AddIn|Any CPU.Build.0 = DebugNonUserInstance|Any CPU
		{4D2F19CA-42F7-4DEC-8AA4-7D33E9EC2605}.Debug_Trace|Any CPU.ActiveCfg = DebugNonUserInstance|Any CPU
		{4D2F19CA-42F7-4DEC-8AA4-7D33E9EC2605}.Debug_Trace|Any CPU.Build.0 = DebugNonUserInstance|Any CPU
		{4D2F19CA-42F7-4DEC-8AA4-7D33E9EC2605}.Debug|Any CPU.ActiveCfg = Debug|Any CPU
		{4D2F19CA-42F7-4DEC-8AA4-7D33E9EC2605}.Debug|Any CPU.Build.0 = Debug|Any CPU
		{4D2F19CA-42F7-4DEC-8AA4-7D33E9EC2605}.DebugNonUserInstance|Any CPU.ActiveCfg = DebugNonUserInstance|Any CPU
		{4D2F19CA-42F7-4DEC-8AA4-7D33E9EC2605}.DebugNonUserInstance|Any CPU.Build.0 = DebugNonUserInstance|Any CPU
		{4D2F19CA-42F7-4DEC-8AA4-7D33E9EC2605}.Release|Any CPU.ActiveCfg = Release|Any CPU
		{4D2F19CA-42F7-4DEC-8AA4-7D33E9EC2605}.Release|Any CPU.Build.0 = Release|Any CPU
		{F657DAB2-909A-4D7C-8B88-38A7CCF0BF40}.Debug AddIn|Any CPU.ActiveCfg = DebugNonUserInstance|Any CPU
		{F657DAB2-909A-4D7C-8B88-38A7CCF0BF40}.Debug AddIn|Any CPU.Build.0 = DebugNonUserInstance|Any CPU
		{F657DAB2-909A-4D7C-8B88-38A7CCF0BF40}.Debug_Trace|Any CPU.ActiveCfg = Debug_Trace|Any CPU
		{F657DAB2-909A-4D7C-8B88-38A7CCF0BF40}.Debug_Trace|Any CPU.Build.0 = Debug_Trace|Any CPU
		{F657DAB2-909A-4D7C-8B88-38A7CCF0BF40}.Debug|Any CPU.ActiveCfg = Debug|Any CPU
		{F657DAB2-909A-4D7C-8B88-38A7CCF0BF40}.Debug|Any CPU.Build.0 = Debug|Any CPU
		{F657DAB2-909A-4D7C-8B88-38A7CCF0BF40}.DebugNonUserInstance|Any CPU.ActiveCfg = DebugNonUserInstance|Any CPU
		{F657DAB2-909A-4D7C-8B88-38A7CCF0BF40}.DebugNonUserInstance|Any CPU.Build.0 = DebugNonUserInstance|Any CPU
		{F657DAB2-909A-4D7C-8B88-38A7CCF0BF40}.Release|Any CPU.ActiveCfg = Release|Any CPU
		{F657DAB2-909A-4D7C-8B88-38A7CCF0BF40}.Release|Any CPU.Build.0 = Release|Any CPU
		{38B63D82-9F09-495B-9D24-F838A3BB8BB0}.Debug AddIn|Any CPU.ActiveCfg = Debug|Any CPU
		{38B63D82-9F09-495B-9D24-F838A3BB8BB0}.Debug AddIn|Any CPU.Build.0 = Debug|Any CPU
		{38B63D82-9F09-495B-9D24-F838A3BB8BB0}.Debug_Trace|Any CPU.ActiveCfg = Debug|Any CPU
		{38B63D82-9F09-495B-9D24-F838A3BB8BB0}.Debug_Trace|Any CPU.Build.0 = Debug|Any CPU
		{38B63D82-9F09-495B-9D24-F838A3BB8BB0}.Debug|Any CPU.ActiveCfg = Debug|Any CPU
		{38B63D82-9F09-495B-9D24-F838A3BB8BB0}.Debug|Any CPU.Build.0 = Debug|Any CPU
		{38B63D82-9F09-495B-9D24-F838A3BB8BB0}.DebugNonUserInstance|Any CPU.ActiveCfg = Debug|Any CPU
		{38B63D82-9F09-495B-9D24-F838A3BB8BB0}.DebugNonUserInstance|Any CPU.Build.0 = Debug|Any CPU
		{38B63D82-9F09-495B-9D24-F838A3BB8BB0}.Release|Any CPU.ActiveCfg = Release|Any CPU
		{38B63D82-9F09-495B-9D24-F838A3BB8BB0}.Release|Any CPU.Build.0 = Release|Any CPU
		{15044052-49EE-43E0-9A77-04359C881BA4}.Debug AddIn|Any CPU.ActiveCfg = Debug|Any CPU
		{15044052-49EE-43E0-9A77-04359C881BA4}.Debug AddIn|Any CPU.Build.0 = Debug|Any CPU
		{15044052-49EE-43E0-9A77-04359C881BA4}.Debug_Trace|Any CPU.ActiveCfg = Debug|Any CPU
		{15044052-49EE-43E0-9A77-04359C881BA4}.Debug_Trace|Any CPU.Build.0 = Debug|Any CPU
		{15044052-49EE-43E0-9A77-04359C881BA4}.Debug|Any CPU.ActiveCfg = Debug|Any CPU
		{15044052-49EE-43E0-9A77-04359C881BA4}.Debug|Any CPU.Build.0 = Debug|Any CPU
		{15044052-49EE-43E0-9A77-04359C881BA4}.DebugNonUserInstance|Any CPU.ActiveCfg = Debug|Any CPU
		{15044052-49EE-43E0-9A77-04359C881BA4}.DebugNonUserInstance|Any CPU.Build.0 = Debug|Any CPU
		{15044052-49EE-43E0-9A77-04359C881BA4}.Release|Any CPU.ActiveCfg = Release|Any CPU
		{15044052-49EE-43E0-9A77-04359C881BA4}.Release|Any CPU.Build.0 = Release|Any CPU
		{D6A966E4-4E33-4C61-872B-0C6CDC321AFD}.Debug AddIn|Any CPU.ActiveCfg = Debug|Any CPU
		{D6A966E4-4E33-4C61-872B-0C6CDC321AFD}.Debug AddIn|Any CPU.Build.0 = Debug|Any CPU
		{D6A966E4-4E33-4C61-872B-0C6CDC321AFD}.Debug_Trace|Any CPU.ActiveCfg = Debug|Any CPU
		{D6A966E4-4E33-4C61-872B-0C6CDC321AFD}.Debug_Trace|Any CPU.Build.0 = Debug|Any CPU
		{D6A966E4-4E33-4C61-872B-0C6CDC321AFD}.Debug|Any CPU.ActiveCfg = Debug|Any CPU
		{D6A966E4-4E33-4C61-872B-0C6CDC321AFD}.Debug|Any CPU.Build.0 = Debug|Any CPU
		{D6A966E4-4E33-4C61-872B-0C6CDC321AFD}.DebugNonUserInstance|Any CPU.ActiveCfg = Debug|Any CPU
		{D6A966E4-4E33-4C61-872B-0C6CDC321AFD}.DebugNonUserInstance|Any CPU.Build.0 = Debug|Any CPU
		{D6A966E4-4E33-4C61-872B-0C6CDC321AFD}.Release|Any CPU.ActiveCfg = Release|Any CPU
		{D6A966E4-4E33-4C61-872B-0C6CDC321AFD}.Release|Any CPU.Build.0 = Release|Any CPU
		{CD2D4A37-6DD4-4E5B-B306-F6660858E07F}.Debug AddIn|Any CPU.ActiveCfg = Debug|Any CPU
		{CD2D4A37-6DD4-4E5B-B306-F6660858E07F}.Debug AddIn|Any CPU.Build.0 = Debug|Any CPU
		{CD2D4A37-6DD4-4E5B-B306-F6660858E07F}.Debug_Trace|Any CPU.ActiveCfg = Debug|Any CPU
		{CD2D4A37-6DD4-4E5B-B306-F6660858E07F}.Debug_Trace|Any CPU.Build.0 = Debug|Any CPU
		{CD2D4A37-6DD4-4E5B-B306-F6660858E07F}.Debug|Any CPU.ActiveCfg = Debug|Any CPU
		{CD2D4A37-6DD4-4E5B-B306-F6660858E07F}.Debug|Any CPU.Build.0 = Debug|Any CPU
		{CD2D4A37-6DD4-4E5B-B306-F6660858E07F}.DebugNonUserInstance|Any CPU.ActiveCfg = Debug|Any CPU
		{CD2D4A37-6DD4-4E5B-B306-F6660858E07F}.DebugNonUserInstance|Any CPU.Build.0 = Debug|Any CPU
		{CD2D4A37-6DD4-4E5B-B306-F6660858E07F}.Release|Any CPU.ActiveCfg = Release|Any CPU
		{CD2D4A37-6DD4-4E5B-B306-F6660858E07F}.Release|Any CPU.Build.0 = Release|Any CPU
		{FD0ADB48-33C6-4399-9943-6ACAB857CF53}.Debug AddIn|Any CPU.ActiveCfg = DebugNonUserInstance|Any CPU
		{FD0ADB48-33C6-4399-9943-6ACAB857CF53}.Debug AddIn|Any CPU.Build.0 = DebugNonUserInstance|Any CPU
		{FD0ADB48-33C6-4399-9943-6ACAB857CF53}.Debug_Trace|Any CPU.ActiveCfg = DebugNonUserInstance|Any CPU
		{FD0ADB48-33C6-4399-9943-6ACAB857CF53}.Debug_Trace|Any CPU.Build.0 = DebugNonUserInstance|Any CPU
		{FD0ADB48-33C6-4399-9943-6ACAB857CF53}.Debug|Any CPU.ActiveCfg = Debug|Any CPU
		{FD0ADB48-33C6-4399-9943-6ACAB857CF53}.Debug|Any CPU.Build.0 = Debug|Any CPU
		{FD0ADB48-33C6-4399-9943-6ACAB857CF53}.DebugNonUserInstance|Any CPU.ActiveCfg = DebugNonUserInstance|Any CPU
		{FD0ADB48-33C6-4399-9943-6ACAB857CF53}.DebugNonUserInstance|Any CPU.Build.0 = DebugNonUserInstance|Any CPU
		{FD0ADB48-33C6-4399-9943-6ACAB857CF53}.Release|Any CPU.ActiveCfg = Release|Any CPU
		{FD0ADB48-33C6-4399-9943-6ACAB857CF53}.Release|Any CPU.Build.0 = Release|Any CPU
		{ADEDBCD7-24DA-43CF-A5A0-0FBB4F12A001}.Debug AddIn|Any CPU.ActiveCfg = DebugNonUserInstance|Any CPU
		{ADEDBCD7-24DA-43CF-A5A0-0FBB4F12A001}.Debug AddIn|Any CPU.Build.0 = DebugNonUserInstance|Any CPU
		{ADEDBCD7-24DA-43CF-A5A0-0FBB4F12A001}.Debug_Trace|Any CPU.ActiveCfg = Debug_Trace|Any CPU
		{ADEDBCD7-24DA-43CF-A5A0-0FBB4F12A001}.Debug_Trace|Any CPU.Build.0 = Debug_Trace|Any CPU
		{ADEDBCD7-24DA-43CF-A5A0-0FBB4F12A001}.Debug|Any CPU.ActiveCfg = Debug|Any CPU
		{ADEDBCD7-24DA-43CF-A5A0-0FBB4F12A001}.Debug|Any CPU.Build.0 = Debug|Any CPU
		{ADEDBCD7-24DA-43CF-A5A0-0FBB4F12A001}.DebugNonUserInstance|Any CPU.ActiveCfg = DebugNonUserInstance|Any CPU
		{ADEDBCD7-24DA-43CF-A5A0-0FBB4F12A001}.DebugNonUserInstance|Any CPU.Build.0 = DebugNonUserInstance|Any CPU
		{ADEDBCD7-24DA-43CF-A5A0-0FBB4F12A001}.Release|Any CPU.ActiveCfg = Release|Any CPU
		{ADEDBCD7-24DA-43CF-A5A0-0FBB4F12A001}.Release|Any CPU.Build.0 = Release|Any CPU
		{30E7CEF4-A9D4-4B6F-AC1A-7D0DEA3DD7D9}.Debug AddIn|Any CPU.ActiveCfg = Debug|Any CPU
		{30E7CEF4-A9D4-4B6F-AC1A-7D0DEA3DD7D9}.Debug AddIn|Any CPU.Build.0 = Debug|Any CPU
		{30E7CEF4-A9D4-4B6F-AC1A-7D0DEA3DD7D9}.Debug_Trace|Any CPU.ActiveCfg = Debug|Any CPU
		{30E7CEF4-A9D4-4B6F-AC1A-7D0DEA3DD7D9}.Debug_Trace|Any CPU.Build.0 = Debug|Any CPU
		{30E7CEF4-A9D4-4B6F-AC1A-7D0DEA3DD7D9}.Debug|Any CPU.ActiveCfg = Debug|Any CPU
		{30E7CEF4-A9D4-4B6F-AC1A-7D0DEA3DD7D9}.Debug|Any CPU.Build.0 = Debug|Any CPU
		{30E7CEF4-A9D4-4B6F-AC1A-7D0DEA3DD7D9}.DebugNonUserInstance|Any CPU.ActiveCfg = Debug|Any CPU
		{30E7CEF4-A9D4-4B6F-AC1A-7D0DEA3DD7D9}.DebugNonUserInstance|Any CPU.Build.0 = Debug|Any CPU
		{30E7CEF4-A9D4-4B6F-AC1A-7D0DEA3DD7D9}.Release|Any CPU.ActiveCfg = Release|Any CPU
		{30E7CEF4-A9D4-4B6F-AC1A-7D0DEA3DD7D9}.Release|Any CPU.Build.0 = Release|Any CPU
		{0B290026-7AE0-462C-BECC-7659DA733D7A}.Debug AddIn|Any CPU.ActiveCfg = Debug|Any CPU
		{0B290026-7AE0-462C-BECC-7659DA733D7A}.Debug AddIn|Any CPU.Build.0 = Debug|Any CPU
		{0B290026-7AE0-462C-BECC-7659DA733D7A}.Debug_Trace|Any CPU.ActiveCfg = Debug|Any CPU
		{0B290026-7AE0-462C-BECC-7659DA733D7A}.Debug_Trace|Any CPU.Build.0 = Debug|Any CPU
		{0B290026-7AE0-462C-BECC-7659DA733D7A}.Debug|Any CPU.ActiveCfg = Debug|Any CPU
		{0B290026-7AE0-462C-BECC-7659DA733D7A}.Debug|Any CPU.Build.0 = Debug|Any CPU
		{0B290026-7AE0-462C-BECC-7659DA733D7A}.DebugNonUserInstance|Any CPU.ActiveCfg = Debug|Any CPU
		{0B290026-7AE0-462C-BECC-7659DA733D7A}.DebugNonUserInstance|Any CPU.Build.0 = Debug|Any CPU
		{0B290026-7AE0-462C-BECC-7659DA733D7A}.Release|Any CPU.ActiveCfg = Release|Any CPU
		{0B290026-7AE0-462C-BECC-7659DA733D7A}.Release|Any CPU.Build.0 = Release|Any CPU
		{0451BAEF-DF2E-4B98-8644-94EE9415E389}.Debug AddIn|Any CPU.ActiveCfg = Debug|Any CPU
		{0451BAEF-DF2E-4B98-8644-94EE9415E389}.Debug AddIn|Any CPU.Build.0 = Debug|Any CPU
		{0451BAEF-DF2E-4B98-8644-94EE9415E389}.Debug_Trace|Any CPU.ActiveCfg = Debug|Any CPU
		{0451BAEF-DF2E-4B98-8644-94EE9415E389}.Debug_Trace|Any CPU.Build.0 = Debug|Any CPU
		{0451BAEF-DF2E-4B98-8644-94EE9415E389}.Debug|Any CPU.ActiveCfg = Debug|Any CPU
		{0451BAEF-DF2E-4B98-8644-94EE9415E389}.Debug|Any CPU.Build.0 = Debug|Any CPU
		{0451BAEF-DF2E-4B98-8644-94EE9415E389}.DebugNonUserInstance|Any CPU.ActiveCfg = Debug|Any CPU
		{0451BAEF-DF2E-4B98-8644-94EE9415E389}.DebugNonUserInstance|Any CPU.Build.0 = Debug|Any CPU
		{0451BAEF-DF2E-4B98-8644-94EE9415E389}.Release|Any CPU.ActiveCfg = Release|Any CPU
		{0451BAEF-DF2E-4B98-8644-94EE9415E389}.Release|Any CPU.Build.0 = Release|Any CPU
	EndGlobalSection
	GlobalSection(SolutionProperties) = preSolution
		HideSolutionNode = FALSE
	EndGlobalSection
	GlobalSection(NestedProjects) = preSolution
		{87857714-05B0-4517-AEFA-0E473FED9B11} = {6D9187BB-6467-42E5-853C-85A048443B79}
		{4D2F19CA-42F7-4DEC-8AA4-7D33E9EC2605} = {DB99EDB8-B342-4AE1-B78D-E106230A7E19}
		{F657DAB2-909A-4D7C-8B88-38A7CCF0BF40} = {DB99EDB8-B342-4AE1-B78D-E106230A7E19}
		{38B63D82-9F09-495B-9D24-F838A3BB8BB0} = {C316B8E1-2755-4D7A-B913-6B6EECDFC643}
		{15044052-49EE-43E0-9A77-04359C881BA4} = {C316B8E1-2755-4D7A-B913-6B6EECDFC643}
		{D6A966E4-4E33-4C61-872B-0C6CDC321AFD} = {DB99EDB8-B342-4AE1-B78D-E106230A7E19}
		{CD2D4A37-6DD4-4E5B-B306-F6660858E07F} = {DB99EDB8-B342-4AE1-B78D-E106230A7E19}
		{FD0ADB48-33C6-4399-9943-6ACAB857CF53} = {6D9187BB-6467-42E5-853C-85A048443B79}
		{ADEDBCD7-24DA-43CF-A5A0-0FBB4F12A001} = {6D9187BB-6467-42E5-853C-85A048443B79}
		{30E7CEF4-A9D4-4B6F-AC1A-7D0DEA3DD7D9} = {6D9187BB-6467-42E5-853C-85A048443B79}
		{0B290026-7AE0-462C-BECC-7659DA733D7A} = {DB99EDB8-B342-4AE1-B78D-E106230A7E19}
	EndGlobalSection
	GlobalSection(TeamFoundationVersionControl) = preSolution
		SccNumberOfProjects = 12
		SccEnterpriseProvider = {4CA58AB2-18FA-4F8D-95D4-32DDF27D184C}
		SccTeamFoundationServer = https://tfs.codeplex.com/tfs/tfs04
		SccLocalPath0 = .
		SccProjectUniqueName1 = DatabaseConnector\\WXMLDatabase.csproj
		SccProjectTopLevelParentUniqueName1 = WXML.sln
		SccProjectName1 = DatabaseConnector
		SccLocalPath1 = DatabaseConnector
		SccProjectUniqueName2 = LinqCodeGenTests\\LinqCodeGenTests.csproj
		SccProjectTopLevelParentUniqueName2 = WXML.sln
		SccProjectName2 = LinqCodeGenTests
		SccLocalPath2 = LinqCodeGenTests
		SccProjectUniqueName3 = WXMLTests\\WXMLTests.csproj
		SccProjectTopLevelParentUniqueName3 = WXML.sln
		SccProjectName3 = WXMLTests
		SccLocalPath3 = WXMLTests
		SccProjectUniqueName4 = Repository\\Repository.vbproj
		SccProjectTopLevelParentUniqueName4 = WXML.sln
		SccProjectName4 = Repository
		SccLocalPath4 = Repository
		SccProjectUniqueName5 = LinqCodeGenerator\\WXML2Linq.csproj
		SccProjectTopLevelParentUniqueName5 = WXML.sln
		SccProjectName5 = LinqCodeGenerator
		SccLocalPath5 = LinqCodeGenerator
		SccProjectUniqueName6 = Worm4.0\\WormCodeGenTests\\WormCodeGenTests.csproj
		SccProjectTopLevelParentUniqueName6 = WXML.sln
		SccProjectName6 = Worm4.0/WormCodeGenTests
		SccLocalPath6 = Worm4.0\\WormCodeGenTests
		SccProjectUniqueName7 = Worm4.0\\WormGenerator\\WormCodeGenerator.csproj
		SccProjectTopLevelParentUniqueName7 = WXML.sln
		SccProjectName7 = Worm4.0/WormGenerator
		SccLocalPath7 = Worm4.0\\WormGenerator
		SccProjectUniqueName8 = Worm4.0\\WXMLToWorm\\WXMLToWorm.csproj
		SccProjectTopLevelParentUniqueName8 = WXML.sln
		SccProjectName8 = Worm4.0/WXMLToWorm
		SccLocalPath8 = Worm4.0\\WXMLToWorm
		SccProjectUniqueName9 = MySQLProvider\\MySQLProvider.csproj
		SccProjectTopLevelParentUniqueName9 = WXML.sln
		SccProjectName9 = MySQLProvider
		SccLocalPath9 = MySQLProvider
		SccProjectUniqueName10 = WXML.NuGet\\WXML.NuGet.csproj
		SccProjectName10 = WXML.NuGet
		SccLocalPath10 = WXML.NuGet
		SccProjectUniqueName11 = WXMLModel\\WXML.Model.csproj
		SccProjectTopLevelParentUniqueName11 = WXML.sln
		SccProjectName11 = WXMLModel
		SccLocalPath11 = WXMLModel
	EndGlobalSection
	GlobalSection(TestCaseManagementSettings) = postSolution
		CategoryFile = WXML.vsmdi
	EndGlobalSection
EndGlobal
